{
  "nodes": {
    "artiq-comtools": {
      "inputs": {
        "flake-utils": "flake-utils",
        "nixpkgs": [
          "extrapkg",
          "artiqpkgs",
          "nixpkgs"
        ],
        "sipyco": [
          "extrapkg",
          "artiqpkgs",
          "sipyco"
        ]
      },
      "locked": {
        "lastModified": 1720768567,
        "narHash": "sha256-3VoK7o5MtHtbHLrc6Pv+eQWFtaz5Gd/YWyV5TD3c5Ss=",
        "owner": "m-labs",
        "repo": "artiq-comtools",
        "rev": "f93570d8f2ed5a3cfb3e1c16ab00f2540551e994",
        "type": "github"
      },
      "original": {
        "owner": "m-labs",
        "repo": "artiq-comtools",
        "type": "github"
      }
    },
    "artiq-stubs": {
      "inputs": {
        "artiqpkgs": [
          "extrapkg",
          "daxpkgs",
          "artiqpkgs"
        ],
        "flake8-artiq": [
          "extrapkg",
          "daxpkgs",
          "flake8-artiq"
        ],
        "nixpkgs": [
          "extrapkg",
          "daxpkgs",
          "nixpkgs"
        ]
      },
      "locked": {
        "lastModified": 1722288472,
        "narHash": "sha256-KXyTCZNwXkMayGuOYLLIg8q/eCPC5W0pdcGQ0XKYoNY=",
        "ref": "release-7",
        "rev": "b3d818f61ffffc29226d4aa3845dece9941d61cd",
        "revCount": 37,
        "type": "git",
        "url": "https://gitlab.com/duke-artiq/artiq-stubs.git"
      },
      "original": {
        "ref": "release-7",
        "type": "git",
        "url": "https://gitlab.com/duke-artiq/artiq-stubs.git"
      }
    },
    "artiqpkgs": {
      "inputs": {
        "artiq-comtools": "artiq-comtools",
        "nixpkgs": "nixpkgs",
        "rust-overlay": "rust-overlay",
        "sipyco": "sipyco",
        "src-migen": "src-migen",
        "src-misoc": "src-misoc",
        "src-pythonparser": "src-pythonparser"
      },
      "locked": {
        "lastModified": 1731636768,
        "narHash": "sha256-Oqa7G8E9lFIFouYE2uP5ii4Bo6eKHmUUHwj4uievMdE=",
        "ref": "refs/heads/master",
        "rev": "9aae89be69fa3ab1dd0a75f399ffc6cf208818d2",
        "revCount": 9048,
        "type": "git",
        "url": "https://github.com/m-labs/artiq.git"
      },
      "original": {
        "type": "git",
        "url": "https://github.com/m-labs/artiq.git"
      }
    },
    "daxpkgs": {
      "inputs": {
        "artiq-stubs": "artiq-stubs",
        "artiqpkgs": [
          "extrapkg",
          "artiqpkgs"
        ],
        "flake8-artiq": "flake8-artiq",
        "nixpkgs": [
          "extrapkg",
          "artiqpkgs",
          "nixpkgs"
        ],
        "sipyco": [
          "extrapkg",
          "artiqpkgs",
          "sipyco"
        ],
        "trap-dac-utils": "trap-dac-utils"
      },
      "locked": {
        "lastModified": 1729547028,
        "narHash": "sha256-l7GGLjTrGtF23XYsdjQmLPgccDDUwjbGQQsQ3lhn/SI=",
        "ref": "refs/heads/master",
        "rev": "dbe0e8f3902527c6254589303e020db08760dd85",
        "revCount": 1384,
        "type": "git",
        "url": "https://gitlab.com/duke-artiq/dax.git"
      },
      "original": {
        "type": "git",
        "url": "https://gitlab.com/duke-artiq/dax.git"
      }
    },
    "extrapkg": {
      "inputs": {
        "artiqpkgs": "artiqpkgs",
        "daxpkgs": "daxpkgs"
      },
      "locked": {
        "lastModified": 1731738704,
        "narHash": "sha256-kZcz0J3Wigtcz8v5phUyWX06ciOUqszyig1yTbOVjes=",
        "ref": "refs/heads/master",
        "rev": "694278c0106cc5ead2d03395d1846bbf0833a490",
        "revCount": 148,
        "type": "git",
        "url": "https://git.m-labs.hk/M-Labs/artiq-extrapkg.git"
      },
      "original": {
        "type": "git",
        "url": "https://git.m-labs.hk/M-Labs/artiq-extrapkg.git"
      }
    },
    "flake-utils": {
      "inputs": {
        "systems": "systems"
      },
      "locked": {
        "lastModified": 1710146030,
        "narHash": "sha256-SZ5L6eA7HJ/nmkzGG7/ISclqe6oZdOZTNoesiInkXPQ=",
        "owner": "numtide",
        "repo": "flake-utils",
        "rev": "b1d9ab70662946ef0850d488da1c9019f3a9752a",
        "type": "github"
      },
      "original": {
        "owner": "numtide",
        "repo": "flake-utils",
        "type": "github"
      }
    },
    "flake-utils_2": {
      "inputs": {
        "systems": "systems_2"
      },
      "locked": {
        "lastModified": 1710146030,
        "narHash": "sha256-SZ5L6eA7HJ/nmkzGG7/ISclqe6oZdOZTNoesiInkXPQ=",
        "owner": "numtide",
        "repo": "flake-utils",
        "rev": "b1d9ab70662946ef0850d488da1c9019f3a9752a",
        "type": "github"
      },
      "original": {
        "owner": "numtide",
        "repo": "flake-utils",
        "type": "github"
      }
    },
    "flake-utils_3": {
      "inputs": {
        "systems": "systems_3"
      },
      "locked": {
        "lastModified": 1705309234,
        "narHash": "sha256-uNRRNRKmJyCRC/8y1RqBkqWBLM034y4qN7EprSdmgyA=",
        "owner": "numtide",
        "repo": "flake-utils",
        "rev": "1ef2e671c3b0c19053962c07dbda38332dcebf26",
        "type": "github"
      },
      "original": {
        "owner": "numtide",
        "repo": "flake-utils",
        "type": "github"
      }
    },
    "flake8-artiq": {
      "inputs": {
        "flake-utils": "flake-utils_2",
        "nixpkgs": [
          "extrapkg",
          "daxpkgs",
          "nixpkgs"
        ]
      },
      "locked": {
        "lastModified": 1722261486,
        "narHash": "sha256-F+43turwuIdCcs8yu4rXCtSEE2ZDssFDEFex5+Uel4E=",
        "ref": "refs/heads/master",
        "rev": "2888fa292a52ac6666590e1429786210cda04b18",
        "revCount": 111,
        "type": "git",
        "url": "https://gitlab.com/duke-artiq/flake8-artiq.git"
      },
      "original": {
        "type": "git",
        "url": "https://gitlab.com/duke-artiq/flake8-artiq.git"
      }
    },
    "nixpkgs": {
      "locked": {
        "lastModified": 1731319897,
        "narHash": "sha256-PbABj4tnbWFMfBp6OcUK5iGy1QY+/Z96ZcLpooIbuEI=",
        "owner": "NixOS",
        "repo": "nixpkgs",
        "rev": "dc460ec76cbff0e66e269457d7b728432263166c",
        "type": "github"
      },
      "original": {
        "owner": "NixOS",
        "ref": "nixos-unstable",
        "repo": "nixpkgs",
        "type": "github"
      }
    },
    "root": {
      "inputs": {
        "extrapkg": "extrapkg"
      }
    },
    "rust-overlay": {
      "inputs": {
        "nixpkgs": [
          "extrapkg",
          "artiqpkgs",
          "nixpkgs"
        ]
      },
      "locked": {
        "lastModified": 1719454714,
        "narHash": "sha256-MojqG0lyUINkEk0b3kM2drsU5vyaF8DFZe/FAlZVOGs=",
        "owner": "oxalica",
        "repo": "rust-overlay",
        "rev": "d1c527659cf076ecc4b96a91c702d080b213801e",
        "type": "github"
      },
      "original": {
        "owner": "oxalica",
        "ref": "snapshot/2024-08-01",
        "repo": "rust-overlay",
        "type": "github"
      }
    },
    "sipyco": {
      "inputs": {
        "nixpkgs": [
          "extrapkg",
          "artiqpkgs",
          "nixpkgs"
        ]
      },
      "locked": {
        "lastModified": 1728371104,
        "narHash": "sha256-PPnAyDedUQ7Og/Cby9x5OT9wMkNGTP8GS53V6N/dk4w=",
        "owner": "m-labs",
        "repo": "sipyco",
        "rev": "094a6cd63ffa980ef63698920170e50dc9ba77fd",
        "type": "github"
      },
      "original": {
        "owner": "m-labs",
        "repo": "sipyco",
        "type": "github"
      }
    },
    "src-migen": {
      "flake": false,
      "locked": {
        "lastModified": 1727677091,
        "narHash": "sha256-Zg3SQnTwMM/VkOGKogbPyuCC2NhLy8HB2SPEUWWNgCU=",
        "owner": "m-labs",
        "repo": "migen",
        "rev": "c19ae9f8ae162ffe2d310a92bfce53ac2a821bc8",
        "type": "github"
      },
      "original": {
        "owner": "m-labs",
        "repo": "migen",
        "type": "github"
      }
    },
    "src-misoc": {
      "flake": false,
      "locked": {
        "lastModified": 1729234629,
        "narHash": "sha256-TLsTCXV5AC2xh+bS7EhBVBKqdqIU3eKrnlWcFF9LtAM=",
        "ref": "refs/heads/master",
        "rev": "6085a312bca26adeca6584e37d08c8ba2e1d6e38",
        "revCount": 2460,
        "submodules": true,
        "type": "git",
        "url": "https://github.com/m-labs/misoc.git"
      },
      "original": {
        "submodules": true,
        "type": "git",
        "url": "https://github.com/m-labs/misoc.git"
      }
    },
    "src-pythonparser": {
      "flake": false,
      "locked": {
        "lastModified": 1628745371,
        "narHash": "sha256-p6TgeeaK4NEmbhimEXp31W8hVRo4DgWmcCoqZ+UdN60=",
        "owner": "m-labs",
        "repo": "pythonparser",
        "rev": "5413ee5c9f8760e95c6acd5d6e88dabb831ad201",
        "type": "github"
      },
      "original": {
        "owner": "m-labs",
        "repo": "pythonparser",
        "type": "github"
      }
    },
    "systems": {
      "locked": {
        "lastModified": 1681028828,
        "narHash": "sha256-Vy1rq5AaRuLzOxct8nz4T6wlgyUR7zLU309k9mBC768=",
        "owner": "nix-systems",
        "repo": "default",
        "rev": "da67096a3b9bf56a91d16901293e51ba5b49a27e",
        "type": "github"
      },
      "original": {
        "owner": "nix-systems",
        "repo": "default",
        "type": "github"
      }
    },
    "systems_2": {
      "locked": {
        "lastModified": 1681028828,
        "narHash": "sha256-Vy1rq5AaRuLzOxct8nz4T6wlgyUR7zLU309k9mBC768=",
        "owner": "nix-systems",
        "repo": "default",
        "rev": "da67096a3b9bf56a91d16901293e51ba5b49a27e",
        "type": "github"
      },
      "original": {
        "owner": "nix-systems",
        "repo": "default",
        "type": "github"
      }
    },
    "systems_3": {
      "locked": {
        "lastModified": 1681028828,
        "narHash": "sha256-Vy1rq5AaRuLzOxct8nz4T6wlgyUR7zLU309k9mBC768=",
        "owner": "nix-systems",
        "repo": "default",
        "rev": "da67096a3b9bf56a91d16901293e51ba5b49a27e",
        "type": "github"
      },
      "original": {
        "owner": "nix-systems",
        "repo": "default",
        "type": "github"
      }
    },
    "trap-dac-utils": {
      "inputs": {
        "flake-utils": "flake-utils_3",
        "nixpkgs": [
          "extrapkg",
          "daxpkgs",
          "nixpkgs"
        ]
      },
      "locked": {
        "lastModified": 1718374915,
        "narHash": "sha256-XBB+9VPF8njZzqMrOaWlqlbf+NrnnDIvfVsiig2TPvc=",
        "ref": "refs/heads/master",
        "rev": "c3cf4be6bf6b1a42fc57eecd5afebb0beddfb02a",
        "revCount": 300,
        "type": "git",
        "url": "https://gitlab.com/duke-artiq/trap-dac-utils.git"
      },
      "original": {
        "type": "git",
        "url": "https://gitlab.com/duke-artiq/trap-dac-utils.git"
      }
    }
  },
  "root": "root",
  "version": 7
}
